Microsoft Visual Studio Solution File, Format Version 12.00
# Visual Studio Version 17
VisualStudioVersion = 17.5.2.0
MinimumVisualStudioVersion = 10.0.40219.1
Project("{2150E333-8FDC-42A3-9474-1A3956D46DE8}") = "apps", "apps", "{1787FE1D-075E-9E68-7218-25F1BD1BBEAB}"
EndProject
Project("{2150E333-8FDC-42A3-9474-1A3956D46DE8}") = "cms-umbraco", "cms-umbraco", "{AB5801A3-3060-C015-552D-39051F57F059}"
EndProject
Project("{FAE04EC0-301F-11D3-BF4B-00C04F79EFBC}") = "KiNorge.Cms", "apps\cms-umbraco\KiNorge.Cms.csproj", "{6E4441FA-0FEC-C7AA-2B4B-DAEBB326BAAF}"
EndProject
Global
	GlobalSection(SolutionConfigurationPlatforms) = preSolution
		Debug|Any CPU = Debug|Any CPU
		Release|Any CPU = Release|Any CPU
	EndGlobalSection
	GlobalSection(ProjectConfigurationPlatforms) = postSolution
		{6E4441FA-0FEC-C7AA-2B4B-DAEBB326BAAF}.Debug|Any CPU.ActiveCfg = Debug|Any CPU
		{6E4441FA-0FEC-C7AA-2B4B-DAEBB326BAAF}.Debug|Any CPU.Build.0 = Debug|Any CPU
		{6E4441FA-0FEC-C7AA-2B4B-DAEBB326BAAF}.Release|Any CPU.ActiveCfg = Release|Any CPU
		{6E4441FA-0FEC-C7AA-2B4B-DAEBB326BAAF}.Release|Any CPU.Build.0 = Release|Any CPU
	EndGlobalSection
	GlobalSection(SolutionProperties) = preSolution
		HideSolutionNode = FALSE
	EndGlobalSection
	GlobalSection(NestedProjects) = preSolution
		{AB5801A3-3060-C015-552D-39051F57F059} = {1787FE1D-075E-9E68-7218-25F1BD1BBEAB}
		{6E4441FA-0FEC-C7AA-2B4B-DAEBB326BAAF} = {AB5801A3-3060-C015-552D-39051F57F059}
	EndGlobalSection
	GlobalSection(ExtensibilityGlobals) = postSolution
		SolutionGuid = {A7E7F4CC-344E-4EAA-B14E-AE486B5D3909}
	EndGlobalSection
EndGlobal
